// !$*UTF8*$!
{
	archiveVersion = 1;
	classes = {
	};
	objectVersion = 46;
	objects = {

/* Begin PBXBuildFile section */
		18618327535B4E468AD0A207 /* libPods.a in Frameworks */ = {isa = PBXBuildFile; fileRef = 9CD134508590410F98E000F7 /* libPods.a */; };
		58016E6617B027120075F976 /* big_144.png in Resources */ = {isa = PBXBuildFile; fileRef = 58016E6517B027120075F976 /* big_144.png */; };
		58016E6817B027450075F976 /* big_72.png in Resources */ = {isa = PBXBuildFile; fileRef = 58016E6717B027450075F976 /* big_72.png */; };
		58016E6A17B027650075F976 /* big_57.png in Resources */ = {isa = PBXBuildFile; fileRef = 58016E6917B027650075F976 /* big_57.png */; };
		58016E6C17B027770075F976 /* big_114.png in Resources */ = {isa = PBXBuildFile; fileRef = 58016E6B17B027770075F976 /* big_114.png */; };
		583775D017A5F94000FB0B2F /* book.png in Resources */ = {isa = PBXBuildFile; fileRef = 583775B017A5F94000FB0B2F /* book.png */; };
		583775D117A5F94000FB0B2F /* book@2x.png in Resources */ = {isa = PBXBuildFile; fileRef = 583775B117A5F94000FB0B2F /* book@2x.png */; };
		583775D217A5F94000FB0B2F /* circle-dashed-4-icon.png in Resources */ = {isa = PBXBuildFile; fileRef = 583775B217A5F94000FB0B2F /* circle-dashed-4-icon.png */; };
		583775D317A5F94000FB0B2F /* circle-dashed-4-icon@2x.png in Resources */ = {isa = PBXBuildFile; fileRef = 583775B317A5F94000FB0B2F /* circle-dashed-4-icon@2x.png */; };
		583775D417A5F94000FB0B2F /* circle-icon.png in Resources */ = {isa = PBXBuildFile; fileRef = 583775B417A5F94000FB0B2F /* circle-icon.png */; };
		583775D517A5F94000FB0B2F /* circle-icon@2x.png in Resources */ = {isa = PBXBuildFile; fileRef = 583775B517A5F94000FB0B2F /* circle-icon@2x.png */; };
		583775D617A5F94000FB0B2F /* down.png in Resources */ = {isa = PBXBuildFile; fileRef = 583775B617A5F94000FB0B2F /* down.png */; };
		583775D717A5F94000FB0B2F /* down@2x.png in Resources */ = {isa = PBXBuildFile; fileRef = 583775B717A5F94000FB0B2F /* down@2x.png */; };
		583775D817A5F94000FB0B2F /* info-3-icon.png in Resources */ = {isa = PBXBuildFile; fileRef = 583775B817A5F94000FB0B2F /* info-3-icon.png */; };
		583775D917A5F94000FB0B2F /* info-3-icon@2x.png in Resources */ = {isa = PBXBuildFile; fileRef = 583775B917A5F94000FB0B2F /* info-3-icon@2x.png */; };
		583775DA17A5F94000FB0B2F /* info-4-icon.png in Resources */ = {isa = PBXBuildFile; fileRef = 583775BA17A5F94000FB0B2F /* info-4-icon.png */; };
		583775DB17A5F94000FB0B2F /* info-4-icon@2x.png in Resources */ = {isa = PBXBuildFile; fileRef = 583775BB17A5F94000FB0B2F /* info-4-icon@2x.png */; };
		583775DC17A5F94000FB0B2F /* info-icon.png in Resources */ = {isa = PBXBuildFile; fileRef = 583775BC17A5F94000FB0B2F /* info-icon.png */; };
		583775DD17A5F94000FB0B2F /* info-icon@2x.png in Resources */ = {isa = PBXBuildFile; fileRef = 583775BD17A5F94000FB0B2F /* info-icon@2x.png */; };
		583775DE17A5F94000FB0B2F /* list-view-icon.png in Resources */ = {isa = PBXBuildFile; fileRef = 583775BE17A5F94000FB0B2F /* list-view-icon.png */; };
		583775DF17A5F94000FB0B2F /* list-view-icon@2x.png in Resources */ = {isa = PBXBuildFile; fileRef = 583775BF17A5F94000FB0B2F /* list-view-icon@2x.png */; };
		583775E017A5F94000FB0B2F /* pause.png in Resources */ = {isa = PBXBuildFile; fileRef = 583775C017A5F94000FB0B2F /* pause.png */; };
		583775E117A5F94000FB0B2F /* pause@2x.png in Resources */ = {isa = PBXBuildFile; fileRef = 583775C117A5F94000FB0B2F /* pause@2x.png */; };
		583775E217A5F94000FB0B2F /* play.png in Resources */ = {isa = PBXBuildFile; fileRef = 583775C217A5F94000FB0B2F /* play.png */; };
		583775E317A5F94000FB0B2F /* play@2x.png in Resources */ = {isa = PBXBuildFile; fileRef = 583775C317A5F94000FB0B2F /* play@2x.png */; };
		583775E417A5F94000FB0B2F /* refresh-icon.png in Resources */ = {isa = PBXBuildFile; fileRef = 583775C417A5F94000FB0B2F /* refresh-icon.png */; };
		583775E517A5F94000FB0B2F /* refresh-icon@2x.png in Resources */ = {isa = PBXBuildFile; fileRef = 583775C517A5F94000FB0B2F /* refresh-icon@2x.png */; };
		583775E617A5F94000FB0B2F /* rewind.png in Resources */ = {isa = PBXBuildFile; fileRef = 583775C617A5F94000FB0B2F /* rewind.png */; };
		583775E717A5F94000FB0B2F /* rewind@2x.png in Resources */ = {isa = PBXBuildFile; fileRef = 583775C717A5F94000FB0B2F /* rewind@2x.png */; };
		583775E817A5F94000FB0B2F /* timer.png in Resources */ = {isa = PBXBuildFile; fileRef = 583775C817A5F94000FB0B2F /* timer.png */; };
		583775E917A5F94000FB0B2F /* timer@2x.png in Resources */ = {isa = PBXBuildFile; fileRef = 583775C917A5F94000FB0B2F /* timer@2x.png */; };
		583775EA17A5F94000FB0B2F /* up.png in Resources */ = {isa = PBXBuildFile; fileRef = 583775CA17A5F94000FB0B2F /* up.png */; };
		583775EB17A5F94000FB0B2F /* up@2x.png in Resources */ = {isa = PBXBuildFile; fileRef = 583775CB17A5F94000FB0B2F /* up@2x.png */; };
		586FE6A717A5B31F00B84227 /* AnimatedLabel.m in Sources */ = {isa = PBXBuildFile; fileRef = 586FE6A117A5B31F00B84227 /* AnimatedLabel.m */; };
		586FE6A817A5B31F00B84227 /* DictionariesListViewController.m in Sources */ = {isa = PBXBuildFile; fileRef = 586FE6A317A5B31F00B84227 /* DictionariesListViewController.m */; };
		586FE6A917A5B31F00B84227 /* MainStoryboard.storyboard in Resources */ = {isa = PBXBuildFile; fileRef = 586FE6A417A5B31F00B84227 /* MainStoryboard.storyboard */; };
		586FE6AA17A5B31F00B84227 /* MainViewController.m in Sources */ = {isa = PBXBuildFile; fileRef = 586FE6A617A5B31F00B84227 /* MainViewController.m */; };
		586FE6E417A5B62200B84227 /* Dictionaries in Resources */ = {isa = PBXBuildFile; fileRef = 586FE6E317A5B62200B84227 /* Dictionaries */; };
		586FE6E717A5BF0600B84227 /* MenuViewController.m in Sources */ = {isa = PBXBuildFile; fileRef = 586FE6E617A5BF0600B84227 /* MenuViewController.m */; };
		586FE6EA17A5C5C200B84227 /* TimerViewController.m in Sources */ = {isa = PBXBuildFile; fileRef = 586FE6E917A5C5C200B84227 /* TimerViewController.m */; };
		586FE70817A5CE1700B84227 /* QuartzCore.framework in Frameworks */ = {isa = PBXBuildFile; fileRef = 586FE70717A5CE1700B84227 /* QuartzCore.framework */; };
		58B53B7317A5B00A00673C0A /* UIKit.framework in Frameworks */ = {isa = PBXBuildFile; fileRef = 58B53B7217A5B00A00673C0A /* UIKit.framework */; };
		58B53B7517A5B00A00673C0A /* Foundation.framework in Frameworks */ = {isa = PBXBuildFile; fileRef = 58B53B7417A5B00A00673C0A /* Foundation.framework */; };
		58B53B7717A5B00A00673C0A /* CoreGraphics.framework in Frameworks */ = {isa = PBXBuildFile; fileRef = 58B53B7617A5B00A00673C0A /* CoreGraphics.framework */; };
		58B53B7D17A5B00A00673C0A /* InfoPlist.strings in Resources */ = {isa = PBXBuildFile; fileRef = 58B53B7B17A5B00A00673C0A /* InfoPlist.strings */; };
		58B53B7F17A5B00A00673C0A /* main.m in Sources */ = {isa = PBXBuildFile; fileRef = 58B53B7E17A5B00A00673C0A /* main.m */; };
		58B53B8317A5B00A00673C0A /* TKAppDelegate.m in Sources */ = {isa = PBXBuildFile; fileRef = 58B53B8217A5B00A00673C0A /* TKAppDelegate.m */; };
		58D43E7817B041EE00132AA9 /* Default-568h@2x.png in Resources */ = {isa = PBXBuildFile; fileRef = 58D43E7717B041EE00132AA9 /* Default-568h@2x.png */; };
		58D43E7A17B0420700132AA9 /* Default-Portrait~ipad.png in Resources */ = {isa = PBXBuildFile; fileRef = 58D43E7917B0420700132AA9 /* Default-Portrait~ipad.png */; };
		58D43E7C17B0420C00132AA9 /* Default-Portrait@2x~ipad.png in Resources */ = {isa = PBXBuildFile; fileRef = 58D43E7B17B0420C00132AA9 /* Default-Portrait@2x~ipad.png */; };
		58D43E7E17B0427500132AA9 /* Default.png in Resources */ = {isa = PBXBuildFile; fileRef = 58D43E7D17B0427500132AA9 /* Default.png */; };
		58D43E8017B0427A00132AA9 /* Default@2x.png in Resources */ = {isa = PBXBuildFile; fileRef = 58D43E7F17B0427A00132AA9 /* Default@2x.png */; };
/* End PBXBuildFile section */

/* Begin PBXFileReference section */
		58016E6517B027120075F976 /* big_144.png */ = {isa = PBXFileReference; lastKnownFileType = image.png; path = big_144.png; sourceTree = "<group>"; };
		58016E6717B027450075F976 /* big_72.png */ = {isa = PBXFileReference; lastKnownFileType = image.png; path = big_72.png; sourceTree = "<group>"; };
		58016E6917B027650075F976 /* big_57.png */ = {isa = PBXFileReference; lastKnownFileType = image.png; path = big_57.png; sourceTree = "<group>"; };
		58016E6B17B027770075F976 /* big_114.png */ = {isa = PBXFileReference; lastKnownFileType = image.png; path = big_114.png; sourceTree = "<group>"; };
		583775B017A5F94000FB0B2F /* book.png */ = {isa = PBXFileReference; lastKnownFileType = image.png; path = book.png; sourceTree = "<group>"; };
		583775B117A5F94000FB0B2F /* book@2x.png */ = {isa = PBXFileReference; lastKnownFileType = image.png; path = "book@2x.png"; sourceTree = "<group>"; };
		583775B217A5F94000FB0B2F /* circle-dashed-4-icon.png */ = {isa = PBXFileReference; lastKnownFileType = image.png; path = "circle-dashed-4-icon.png"; sourceTree = "<group>"; };
		583775B317A5F94000FB0B2F /* circle-dashed-4-icon@2x.png */ = {isa = PBXFileReference; lastKnownFileType = image.png; path = "circle-dashed-4-icon@2x.png"; sourceTree = "<group>"; };
		583775B417A5F94000FB0B2F /* circle-icon.png */ = {isa = PBXFileReference; lastKnownFileType = image.png; path = "circle-icon.png"; sourceTree = "<group>"; };
		583775B517A5F94000FB0B2F /* circle-icon@2x.png */ = {isa = PBXFileReference; lastKnownFileType = image.png; path = "circle-icon@2x.png"; sourceTree = "<group>"; };
		583775B617A5F94000FB0B2F /* down.png */ = {isa = PBXFileReference; lastKnownFileType = image.png; path = down.png; sourceTree = "<group>"; };
		583775B717A5F94000FB0B2F /* down@2x.png */ = {isa = PBXFileReference; lastKnownFileType = image.png; path = "down@2x.png"; sourceTree = "<group>"; };
		583775B817A5F94000FB0B2F /* info-3-icon.png */ = {isa = PBXFileReference; lastKnownFileType = image.png; path = "info-3-icon.png"; sourceTree = "<group>"; };
		583775B917A5F94000FB0B2F /* info-3-icon@2x.png */ = {isa = PBXFileReference; lastKnownFileType = image.png; path = "info-3-icon@2x.png"; sourceTree = "<group>"; };
		583775BA17A5F94000FB0B2F /* info-4-icon.png */ = {isa = PBXFileReference; lastKnownFileType = image.png; path = "info-4-icon.png"; sourceTree = "<group>"; };
		583775BB17A5F94000FB0B2F /* info-4-icon@2x.png */ = {isa = PBXFileReference; lastKnownFileType = image.png; path = "info-4-icon@2x.png"; sourceTree = "<group>"; };
		583775BC17A5F94000FB0B2F /* info-icon.png */ = {isa = PBXFileReference; lastKnownFileType = image.png; path = "info-icon.png"; sourceTree = "<group>"; };
		583775BD17A5F94000FB0B2F /* info-icon@2x.png */ = {isa = PBXFileReference; lastKnownFileType = image.png; path = "info-icon@2x.png"; sourceTree = "<group>"; };
		583775BE17A5F94000FB0B2F /* list-view-icon.png */ = {isa = PBXFileReference; lastKnownFileType = image.png; path = "list-view-icon.png"; sourceTree = "<group>"; };
		583775BF17A5F94000FB0B2F /* list-view-icon@2x.png */ = {isa = PBXFileReference; lastKnownFileType = image.png; path = "list-view-icon@2x.png"; sourceTree = "<group>"; };
		583775C017A5F94000FB0B2F /* pause.png */ = {isa = PBXFileReference; lastKnownFileType = image.png; path = pause.png; sourceTree = "<group>"; };
		583775C117A5F94000FB0B2F /* pause@2x.png */ = {isa = PBXFileReference; lastKnownFileType = image.png; path = "pause@2x.png"; sourceTree = "<group>"; };
		583775C217A5F94000FB0B2F /* play.png */ = {isa = PBXFileReference; lastKnownFileType = image.png; path = play.png; sourceTree = "<group>"; };
		583775C317A5F94000FB0B2F /* play@2x.png */ = {isa = PBXFileReference; lastKnownFileType = image.png; path = "play@2x.png"; sourceTree = "<group>"; };
		583775C417A5F94000FB0B2F /* refresh-icon.png */ = {isa = PBXFileReference; lastKnownFileType = image.png; path = "refresh-icon.png"; sourceTree = "<group>"; };
		583775C517A5F94000FB0B2F /* refresh-icon@2x.png */ = {isa = PBXFileReference; lastKnownFileType = image.png; path = "refresh-icon@2x.png"; sourceTree = "<group>"; };
		583775C617A5F94000FB0B2F /* rewind.png */ = {isa = PBXFileReference; lastKnownFileType = image.png; path = rewind.png; sourceTree = "<group>"; };
		583775C717A5F94000FB0B2F /* rewind@2x.png */ = {isa = PBXFileReference; lastKnownFileType = image.png; path = "rewind@2x.png"; sourceTree = "<group>"; };
		583775C817A5F94000FB0B2F /* timer.png */ = {isa = PBXFileReference; lastKnownFileType = image.png; path = timer.png; sourceTree = "<group>"; };
		583775C917A5F94000FB0B2F /* timer@2x.png */ = {isa = PBXFileReference; lastKnownFileType = image.png; path = "timer@2x.png"; sourceTree = "<group>"; };
		583775CA17A5F94000FB0B2F /* up.png */ = {isa = PBXFileReference; lastKnownFileType = image.png; path = up.png; sourceTree = "<group>"; };
		583775CB17A5F94000FB0B2F /* up@2x.png */ = {isa = PBXFileReference; lastKnownFileType = image.png; path = "up@2x.png"; sourceTree = "<group>"; };
		586FE6A017A5B31F00B84227 /* AnimatedLabel.h */ = {isa = PBXFileReference; fileEncoding = 4; lastKnownFileType = sourcecode.c.h; path = AnimatedLabel.h; sourceTree = "<group>"; };
		586FE6A117A5B31F00B84227 /* AnimatedLabel.m */ = {isa = PBXFileReference; fileEncoding = 4; lastKnownFileType = sourcecode.c.objc; path = AnimatedLabel.m; sourceTree = "<group>"; };
		586FE6A217A5B31F00B84227 /* DictionariesListViewController.h */ = {isa = PBXFileReference; fileEncoding = 4; lastKnownFileType = sourcecode.c.h; path = DictionariesListViewController.h; sourceTree = "<group>"; };
		586FE6A317A5B31F00B84227 /* DictionariesListViewController.m */ = {isa = PBXFileReference; fileEncoding = 4; lastKnownFileType = sourcecode.c.objc; path = DictionariesListViewController.m; sourceTree = "<group>"; };
		586FE6A417A5B31F00B84227 /* MainStoryboard.storyboard */ = {isa = PBXFileReference; fileEncoding = 4; lastKnownFileType = file.storyboard; path = MainStoryboard.storyboard; sourceTree = "<group>"; };
		586FE6A517A5B31F00B84227 /* MainViewController.h */ = {isa = PBXFileReference; fileEncoding = 4; lastKnownFileType = sourcecode.c.h; path = MainViewController.h; sourceTree = "<group>"; };
		586FE6A617A5B31F00B84227 /* MainViewController.m */ = {isa = PBXFileReference; fileEncoding = 4; lastKnownFileType = sourcecode.c.objc; path = MainViewController.m; sourceTree = "<group>"; };
		586FE6E317A5B62200B84227 /* Dictionaries */ = {isa = PBXFileReference; lastKnownFileType = folder; path = Dictionaries; sourceTree = "<group>"; };
		586FE6E517A5BF0600B84227 /* MenuViewController.h */ = {isa = PBXFileReference; fileEncoding = 4; lastKnownFileType = sourcecode.c.h; path = MenuViewController.h; sourceTree = "<group>"; };
		586FE6E617A5BF0600B84227 /* MenuViewController.m */ = {isa = PBXFileReference; fileEncoding = 4; lastKnownFileType = sourcecode.c.objc; path = MenuViewController.m; sourceTree = "<group>"; };
		586FE6E817A5C5C200B84227 /* TimerViewController.h */ = {isa = PBXFileReference; fileEncoding = 4; lastKnownFileType = sourcecode.c.h; path = TimerViewController.h; sourceTree = "<group>"; };
		586FE6E917A5C5C200B84227 /* TimerViewController.m */ = {isa = PBXFileReference; fileEncoding = 4; lastKnownFileType = sourcecode.c.objc; path = TimerViewController.m; sourceTree = "<group>"; };
		586FE70717A5CE1700B84227 /* QuartzCore.framework */ = {isa = PBXFileReference; lastKnownFileType = wrapper.framework; name = QuartzCore.framework; path = System/Library/Frameworks/QuartzCore.framework; sourceTree = SDKROOT; };
		58B53B6F17A5B00A00673C0A /* words.app */ = {isa = PBXFileReference; explicitFileType = wrapper.application; includeInIndex = 0; path = words.app; sourceTree = BUILT_PRODUCTS_DIR; };
		58B53B7217A5B00A00673C0A /* UIKit.framework */ = {isa = PBXFileReference; lastKnownFileType = wrapper.framework; name = UIKit.framework; path = System/Library/Frameworks/UIKit.framework; sourceTree = SDKROOT; };
		58B53B7417A5B00A00673C0A /* Foundation.framework */ = {isa = PBXFileReference; lastKnownFileType = wrapper.framework; name = Foundation.framework; path = System/Library/Frameworks/Foundation.framework; sourceTree = SDKROOT; };
		58B53B7617A5B00A00673C0A /* CoreGraphics.framework */ = {isa = PBXFileReference; lastKnownFileType = wrapper.framework; name = CoreGraphics.framework; path = System/Library/Frameworks/CoreGraphics.framework; sourceTree = SDKROOT; };
		58B53B7A17A5B00A00673C0A /* words-Info.plist */ = {isa = PBXFileReference; lastKnownFileType = text.plist.xml; path = "words-Info.plist"; sourceTree = "<group>"; };
		58B53B7C17A5B00A00673C0A /* en */ = {isa = PBXFileReference; lastKnownFileType = text.plist.strings; name = en; path = en.lproj/InfoPlist.strings; sourceTree = "<group>"; };
		58B53B7E17A5B00A00673C0A /* main.m */ = {isa = PBXFileReference; lastKnownFileType = sourcecode.c.objc; path = main.m; sourceTree = "<group>"; };
		58B53B8017A5B00A00673C0A /* words-Prefix.pch */ = {isa = PBXFileReference; lastKnownFileType = sourcecode.c.h; path = "words-Prefix.pch"; sourceTree = "<group>"; };
		58B53B8117A5B00A00673C0A /* TKAppDelegate.h */ = {isa = PBXFileReference; lastKnownFileType = sourcecode.c.h; path = TKAppDelegate.h; sourceTree = "<group>"; };
		58B53B8217A5B00A00673C0A /* TKAppDelegate.m */ = {isa = PBXFileReference; lastKnownFileType = sourcecode.c.objc; path = TKAppDelegate.m; sourceTree = "<group>"; };
		58D43E7717B041EE00132AA9 /* Default-568h@2x.png */ = {isa = PBXFileReference; lastKnownFileType = image.png; path = "Default-568h@2x.png"; sourceTree = "<group>"; };
		58D43E7917B0420700132AA9 /* Default-Portrait~ipad.png */ = {isa = PBXFileReference; lastKnownFileType = image.png; path = "Default-Portrait~ipad.png"; sourceTree = "<group>"; };
		58D43E7B17B0420C00132AA9 /* Default-Portrait@2x~ipad.png */ = {isa = PBXFileReference; lastKnownFileType = image.png; path = "Default-Portrait@2x~ipad.png"; sourceTree = "<group>"; };
		58D43E7D17B0427500132AA9 /* Default.png */ = {isa = PBXFileReference; lastKnownFileType = image.png; path = Default.png; sourceTree = "<group>"; };
		58D43E7F17B0427A00132AA9 /* Default@2x.png */ = {isa = PBXFileReference; lastKnownFileType = image.png; path = "Default@2x.png"; sourceTree = "<group>"; };
		68DB6438BABD48DA842FFE40 /* Pods.xcconfig */ = {isa = PBXFileReference; includeInIndex = 1; lastKnownFileType = text.xcconfig; name = Pods.xcconfig; path = Pods/Pods.xcconfig; sourceTree = SOURCE_ROOT; };
		9CD134508590410F98E000F7 /* libPods.a */ = {isa = PBXFileReference; explicitFileType = archive.ar; includeInIndex = 0; path = libPods.a; sourceTree = BUILT_PRODUCTS_DIR; };
/* End PBXFileReference section */

/* Begin PBXFrameworksBuildPhase section */
		58B53B6C17A5B00A00673C0A /* Frameworks */ = {
			isa = PBXFrameworksBuildPhase;
			buildActionMask = 2147483647;
			files = (
				586FE70817A5CE1700B84227 /* QuartzCore.framework in Frameworks */,
				58B53B7317A5B00A00673C0A /* UIKit.framework in Frameworks */,
				58B53B7517A5B00A00673C0A /* Foundation.framework in Frameworks */,
				58B53B7717A5B00A00673C0A /* CoreGraphics.framework in Frameworks */,
				18618327535B4E468AD0A207 /* libPods.a in Frameworks */,
			);
			runOnlyForDeploymentPostprocessing = 0;
		};
/* End PBXFrameworksBuildPhase section */

/* Begin PBXGroup section */
		583775AB17A5F94000FB0B2F /* icons */ = {
			isa = PBXGroup;
			children = (
				583775B017A5F94000FB0B2F /* book.png */,
				583775B117A5F94000FB0B2F /* book@2x.png */,
				583775B217A5F94000FB0B2F /* circle-dashed-4-icon.png */,
				583775B317A5F94000FB0B2F /* circle-dashed-4-icon@2x.png */,
				583775B417A5F94000FB0B2F /* circle-icon.png */,
				583775B517A5F94000FB0B2F /* circle-icon@2x.png */,
				583775B617A5F94000FB0B2F /* down.png */,
				583775B717A5F94000FB0B2F /* down@2x.png */,
				583775B817A5F94000FB0B2F /* info-3-icon.png */,
				583775B917A5F94000FB0B2F /* info-3-icon@2x.png */,
				583775BA17A5F94000FB0B2F /* info-4-icon.png */,
				583775BB17A5F94000FB0B2F /* info-4-icon@2x.png */,
				583775BC17A5F94000FB0B2F /* info-icon.png */,
				583775BD17A5F94000FB0B2F /* info-icon@2x.png */,
				583775BE17A5F94000FB0B2F /* list-view-icon.png */,
				583775BF17A5F94000FB0B2F /* list-view-icon@2x.png */,
				583775C017A5F94000FB0B2F /* pause.png */,
				583775C117A5F94000FB0B2F /* pause@2x.png */,
				583775C217A5F94000FB0B2F /* play.png */,
				583775C317A5F94000FB0B2F /* play@2x.png */,
				583775C417A5F94000FB0B2F /* refresh-icon.png */,
				583775C517A5F94000FB0B2F /* refresh-icon@2x.png */,
				583775C617A5F94000FB0B2F /* rewind.png */,
				583775C717A5F94000FB0B2F /* rewind@2x.png */,
				583775C817A5F94000FB0B2F /* timer.png */,
				583775C917A5F94000FB0B2F /* timer@2x.png */,
				583775CA17A5F94000FB0B2F /* up.png */,
				583775CB17A5F94000FB0B2F /* up@2x.png */,
			);
			path = icons;
			sourceTree = "<group>";
		};
		58B53B6617A5B00A00673C0A = {
			isa = PBXGroup;
			children = (
				58D43E7F17B0427A00132AA9 /* Default@2x.png */,
				58D43E7D17B0427500132AA9 /* Default.png */,
				58D43E7B17B0420C00132AA9 /* Default-Portrait@2x~ipad.png */,
				58D43E7917B0420700132AA9 /* Default-Portrait~ipad.png */,
				58D43E7717B041EE00132AA9 /* Default-568h@2x.png */,
				58016E6B17B027770075F976 /* big_114.png */,
				58016E6917B027650075F976 /* big_57.png */,
				58016E6717B027450075F976 /* big_72.png */,
				58016E6517B027120075F976 /* big_144.png */,
				586FE70717A5CE1700B84227 /* QuartzCore.framework */,
				58B53B7817A5B00A00673C0A /* words */,
				58B53B7117A5B00A00673C0A /* Frameworks */,
				58B53B7017A5B00A00673C0A /* Products */,
				68DB6438BABD48DA842FFE40 /* Pods.xcconfig */,
			);
			sourceTree = "<group>";
		};
		58B53B7017A5B00A00673C0A /* Products */ = {
			isa = PBXGroup;
			children = (
				58B53B6F17A5B00A00673C0A /* words.app */,
			);
			name = Products;
			sourceTree = "<group>";
		};
		58B53B7117A5B00A00673C0A /* Frameworks */ = {
			isa = PBXGroup;
			children = (
				58B53B7217A5B00A00673C0A /* UIKit.framework */,
				58B53B7417A5B00A00673C0A /* Foundation.framework */,
				58B53B7617A5B00A00673C0A /* CoreGraphics.framework */,
				9CD134508590410F98E000F7 /* libPods.a */,
			);
			name = Frameworks;
			sourceTree = "<group>";
		};
		58B53B7817A5B00A00673C0A /* words */ = {
			isa = PBXGroup;
			children = (
				586FE6A017A5B31F00B84227 /* AnimatedLabel.h */,
				586FE6A117A5B31F00B84227 /* AnimatedLabel.m */,
				586FE6A217A5B31F00B84227 /* DictionariesListViewController.h */,
				586FE6A317A5B31F00B84227 /* DictionariesListViewController.m */,
				586FE6E517A5BF0600B84227 /* MenuViewController.h */,
				586FE6E617A5BF0600B84227 /* MenuViewController.m */,
				586FE6A417A5B31F00B84227 /* MainStoryboard.storyboard */,
				586FE6A517A5B31F00B84227 /* MainViewController.h */,
				586FE6A617A5B31F00B84227 /* MainViewController.m */,
				58B53B8117A5B00A00673C0A /* TKAppDelegate.h */,
				58B53B8217A5B00A00673C0A /* TKAppDelegate.m */,
				586FE6E817A5C5C200B84227 /* TimerViewController.h */,
				586FE6E917A5C5C200B84227 /* TimerViewController.m */,
				58B53B7917A5B00A00673C0A /* Supporting Files */,
			);
			path = words;
			sourceTree = "<group>";
		};
		58B53B7917A5B00A00673C0A /* Supporting Files */ = {
			isa = PBXGroup;
			children = (
				583775AB17A5F94000FB0B2F /* icons */,
				586FE6E317A5B62200B84227 /* Dictionaries */,
				58B53B7A17A5B00A00673C0A /* words-Info.plist */,
				58B53B7B17A5B00A00673C0A /* InfoPlist.strings */,
				58B53B7E17A5B00A00673C0A /* main.m */,
				58B53B8017A5B00A00673C0A /* words-Prefix.pch */,
			);
			name = "Supporting Files";
			sourceTree = "<group>";
		};
/* End PBXGroup section */

/* Begin PBXNativeTarget section */
		58B53B6E17A5B00A00673C0A /* words */ = {
			isa = PBXNativeTarget;
			buildConfigurationList = 58B53B8C17A5B00A00673C0A /* Build configuration list for PBXNativeTarget "words" */;
			buildPhases = (
				9456DA7C58A74C5BA288A0B6 /* Check Pods Manifest.lock */,
				58B53B6B17A5B00A00673C0A /* Sources */,
				58B53B6C17A5B00A00673C0A /* Frameworks */,
				58B53B6D17A5B00A00673C0A /* Resources */,
				3EEEC0AEA9D747F48418E691 /* Copy Pods Resources */,
			);
			buildRules = (
			);
			dependencies = (
			);
			name = words;
			productName = words;
			productReference = 58B53B6F17A5B00A00673C0A /* words.app */;
			productType = "com.apple.product-type.application";
		};
/* End PBXNativeTarget section */

/* Begin PBXProject section */
		58B53B6717A5B00A00673C0A /* Project object */ = {
			isa = PBXProject;
			attributes = {
				CLASSPREFIX = TK;
				LastUpgradeCheck = 0460;
				ORGANIZATIONNAME = ASPCartman;
			};
			buildConfigurationList = 58B53B6A17A5B00A00673C0A /* Build configuration list for PBXProject "Words" */;
			compatibilityVersion = "Xcode 3.2";
			developmentRegion = English;
			hasScannedForEncodings = 0;
			knownRegions = (
				en,
			);
			mainGroup = 58B53B6617A5B00A00673C0A;
			productRefGroup = 58B53B7017A5B00A00673C0A /* Products */;
			projectDirPath = "";
			projectRoot = "";
			targets = (
				58B53B6E17A5B00A00673C0A /* words */,
			);
		};
/* End PBXProject section */

/* Begin PBXResourcesBuildPhase section */
		58B53B6D17A5B00A00673C0A /* Resources */ = {
			isa = PBXResourcesBuildPhase;
			buildActionMask = 2147483647;
			files = (
				58B53B7D17A5B00A00673C0A /* InfoPlist.strings in Resources */,
				586FE6A917A5B31F00B84227 /* MainStoryboard.storyboard in Resources */,
				586FE6E417A5B62200B84227 /* Dictionaries in Resources */,
				583775D017A5F94000FB0B2F /* book.png in Resources */,
				583775D117A5F94000FB0B2F /* book@2x.png in Resources */,
				583775D217A5F94000FB0B2F /* circle-dashed-4-icon.png in Resources */,
				583775D317A5F94000FB0B2F /* circle-dashed-4-icon@2x.png in Resources */,
				583775D417A5F94000FB0B2F /* circle-icon.png in Resources */,
				583775D517A5F94000FB0B2F /* circle-icon@2x.png in Resources */,
				583775D617A5F94000FB0B2F /* down.png in Resources */,
				583775D717A5F94000FB0B2F /* down@2x.png in Resources */,
				583775D817A5F94000FB0B2F /* info-3-icon.png in Resources */,
				583775D917A5F94000FB0B2F /* info-3-icon@2x.png in Resources */,
				583775DA17A5F94000FB0B2F /* info-4-icon.png in Resources */,
				583775DB17A5F94000FB0B2F /* info-4-icon@2x.png in Resources */,
				583775DC17A5F94000FB0B2F /* info-icon.png in Resources */,
				583775DD17A5F94000FB0B2F /* info-icon@2x.png in Resources */,
				583775DE17A5F94000FB0B2F /* list-view-icon.png in Resources */,
				583775DF17A5F94000FB0B2F /* list-view-icon@2x.png in Resources */,
				583775E017A5F94000FB0B2F /* pause.png in Resources */,
				583775E117A5F94000FB0B2F /* pause@2x.png in Resources */,
				583775E217A5F94000FB0B2F /* play.png in Resources */,
				583775E317A5F94000FB0B2F /* play@2x.png in Resources */,
				583775E417A5F94000FB0B2F /* refresh-icon.png in Resources */,
				583775E517A5F94000FB0B2F /* refresh-icon@2x.png in Resources */,
				583775E617A5F94000FB0B2F /* rewind.png in Resources */,
				583775E717A5F94000FB0B2F /* rewind@2x.png in Resources */,
				583775E817A5F94000FB0B2F /* timer.png in Resources */,
				583775E917A5F94000FB0B2F /* timer@2x.png in Resources */,
				583775EA17A5F94000FB0B2F /* up.png in Resources */,
				583775EB17A5F94000FB0B2F /* up@2x.png in Resources */,
				58016E6617B027120075F976 /* big_144.png in Resources */,
				58016E6817B027450075F976 /* big_72.png in Resources */,
				58016E6A17B027650075F976 /* big_57.png in Resources */,
				58016E6C17B027770075F976 /* big_114.png in Resources */,
				58D43E7817B041EE00132AA9 /* Default-568h@2x.png in Resources */,
				58D43E7A17B0420700132AA9 /* Default-Portrait~ipad.png in Resources */,
				58D43E7C17B0420C00132AA9 /* Default-Portrait@2x~ipad.png in Resources */,
				58D43E7E17B0427500132AA9 /* Default.png in Resources */,
				58D43E8017B0427A00132AA9 /* Default@2x.png in Resources */,
			);
			runOnlyForDeploymentPostprocessing = 0;
		};
/* End PBXResourcesBuildPhase section */

/* Begin PBXShellScriptBuildPhase section */
		3EEEC0AEA9D747F48418E691 /* Copy Pods Resources */ = {
			isa = PBXShellScriptBuildPhase;
			buildActionMask = 2147483647;
			files = (
			);
			inputPaths = (
			);
			name = "Copy Pods Resources";
			outputPaths = (
			);
			runOnlyForDeploymentPostprocessing = 0;
			shellPath = /bin/sh;
			shellScript = "\"${SRCROOT}/Pods/Pods-resources.sh\"\n";
			showEnvVarsInLog = 0;
		};
		9456DA7C58A74C5BA288A0B6 /* Check Pods Manifest.lock */ = {
			isa = PBXShellScriptBuildPhase;
			buildActionMask = 2147483647;
			files = (
			);
			inputPaths = (
			);
			name = "Check Pods Manifest.lock";
			outputPaths = (
			);
			runOnlyForDeploymentPostprocessing = 0;
			shellPath = /bin/sh;
			shellScript = "diff \"${PODS_ROOT}/../Podfile.lock\" \"${PODS_ROOT}/Manifest.lock\" > /dev/null\nif [[ $? != 0 ]] ; then\n    cat << EOM\nerror: The sandbox is not in sync with the Podfile.lock. Run 'pod install' or update your CocoaPods installation.\nEOM\n    exit 1\nfi\n";
			showEnvVarsInLog = 0;
		};
/* End PBXShellScriptBuildPhase section */

/* Begin PBXSourcesBuildPhase section */
		58B53B6B17A5B00A00673C0A /* Sources */ = {
			isa = PBXSourcesBuildPhase;
			buildActionMask = 2147483647;
			files = (
				58B53B7F17A5B00A00673C0A /* main.m in Sources */,
				58B53B8317A5B00A00673C0A /* TKAppDelegate.m in Sources */,
				586FE6A717A5B31F00B84227 /* AnimatedLabel.m in Sources */,
				586FE6A817A5B31F00B84227 /* DictionariesListViewController.m in Sources */,
				586FE6AA17A5B31F00B84227 /* MainViewController.m in Sources */,
				586FE6E717A5BF0600B84227 /* MenuViewController.m in Sources */,
				586FE6EA17A5C5C200B84227 /* TimerViewController.m in Sources */,
			);
			runOnlyForDeploymentPostprocessing = 0;
		};
/* End PBXSourcesBuildPhase section */

/* Begin PBXVariantGroup section */
		58B53B7B17A5B00A00673C0A /* InfoPlist.strings */ = {
			isa = PBXVariantGroup;
			children = (
				58B53B7C17A5B00A00673C0A /* en */,
			);
			name = InfoPlist.strings;
			sourceTree = "<group>";
		};
/* End PBXVariantGroup section */

/* Begin XCBuildConfiguration section */
		58B53B8A17A5B00A00673C0A /* Debug */ = {
			isa = XCBuildConfiguration;
			buildSettings = {
				ALWAYS_SEARCH_USER_PATHS = NO;
				CLANG_CXX_LANGUAGE_STANDARD = "gnu++0x";
				CLANG_CXX_LIBRARY = "libc++";
				CLANG_ENABLE_OBJC_ARC = YES;
				CLANG_WARN_CONSTANT_CONVERSION = YES;
				CLANG_WARN_EMPTY_BODY = YES;
				CLANG_WARN_ENUM_CONVERSION = YES;
				CLANG_WARN_INT_CONVERSION = YES;
				CLANG_WARN__DUPLICATE_METHOD_MATCH = YES;
				"CODE_SIGN_IDENTITY[sdk=iphoneos*]" = "iPhone Developer";
				COPY_PHASE_STRIP = NO;
				GCC_C_LANGUAGE_STANDARD = gnu99;
				GCC_DYNAMIC_NO_PIC = NO;
				GCC_OPTIMIZATION_LEVEL = 0;
				GCC_PREPROCESSOR_DEFINITIONS = (
					"DEBUG=1",
					"$(inherited)",
				);
				GCC_SYMBOLS_PRIVATE_EXTERN = NO;
				GCC_WARN_ABOUT_RETURN_TYPE = YES;
				GCC_WARN_UNINITIALIZED_AUTOS = YES;
				GCC_WARN_UNUSED_VARIABLE = YES;
				IPHONEOS_DEPLOYMENT_TARGET = 6.1;
				ONLY_ACTIVE_ARCH = YES;
				SDKROOT = iphoneos;
				TARGETED_DEVICE_FAMILY = "1,2";
			};
			name = Debug;
		};
		58B53B8B17A5B00A00673C0A /* Release */ = {
			isa = XCBuildConfiguration;
			buildSettings = {
				ALWAYS_SEARCH_USER_PATHS = NO;
				CLANG_CXX_LANGUAGE_STANDARD = "gnu++0x";
				CLANG_CXX_LIBRARY = "libc++";
				CLANG_ENABLE_OBJC_ARC = YES;
				CLANG_WARN_CONSTANT_CONVERSION = YES;
				CLANG_WARN_EMPTY_BODY = YES;
				CLANG_WARN_ENUM_CONVERSION = YES;
				CLANG_WARN_INT_CONVERSION = YES;
				CLANG_WARN__DUPLICATE_METHOD_MATCH = YES;
				"CODE_SIGN_IDENTITY[sdk=iphoneos*]" = "iPhone Developer";
				COPY_PHASE_STRIP = YES;
				GCC_C_LANGUAGE_STANDARD = gnu99;
				GCC_WARN_ABOUT_RETURN_TYPE = YES;
				GCC_WARN_UNINITIALIZED_AUTOS = YES;
				GCC_WARN_UNUSED_VARIABLE = YES;
				IPHONEOS_DEPLOYMENT_TARGET = 6.1;
				OTHER_CFLAGS = "-DNS_BLOCK_ASSERTIONS=1";
				SDKROOT = iphoneos;
				TARGETED_DEVICE_FAMILY = "1,2";
				VALIDATE_PRODUCT = YES;
			};
			name = Release;
		};
		58B53B8D17A5B00A00673C0A /* Debug */ = {
			isa = XCBuildConfiguration;
			baseConfigurationReference = 68DB6438BABD48DA842FFE40 /* Pods.xcconfig */;
			buildSettings = {
				GCC_PRECOMPILE_PREFIX_HEADER = YES;
				GCC_PREFIX_HEADER = "words/words-Prefix.pch";
				INFOPLIST_FILE = "words/words-Info.plist";
				PRODUCT_NAME = "$(TARGET_NAME)";
				WRAPPER_EXTENSION = app;
			};
			name = Debug;
		};
		58B53B8E17A5B00A00673C0A /* Release */ = {
			isa = XCBuildConfiguration;
			baseConfigurationReference = 68DB6438BABD48DA842FFE40 /* Pods.xcconfig */;
			buildSettings = {
				GCC_PRECOMPILE_PREFIX_HEADER = YES;
				GCC_PREFIX_HEADER = "words/words-Prefix.pch";
				INFOPLIST_FILE = "words/words-Info.plist";
				PRODUCT_NAME = "$(TARGET_NAME)";
				WRAPPER_EXTENSION = app;
			};
			name = Release;
		};
/* End XCBuildConfiguration section */

/* Begin XCConfigurationList section */
		58B53B6A17A5B00A00673C0A /* Build configuration list for PBXProject "Words" */ = {
			isa = XCConfigurationList;
			buildConfigurations = (
				58B53B8A17A5B00A00673C0A /* Debug */,
				58B53B8B17A5B00A00673C0A /* Release */,
			);
			defaultConfigurationIsVisible = 0;
			defaultConfigurationName = Release;
		};
		58B53B8C17A5B00A00673C0A /* Build configuration list for PBXNativeTarget "words" */ = {
			isa = XCConfigurationList;
			buildConfigurations = (
				58B53B8D17A5B00A00673C0A /* Debug */,
				58B53B8E17A5B00A00673C0A /* Release */,
			);
			defaultConfigurationIsVisible = 0;
			defaultConfigurationName = Release;
		};
/* End XCConfigurationList section */
	};
	rootObject = 58B53B6717A5B00A00673C0A /* Project object */;
}
